
Microsoft Visual Studio Solution File, Format Version 12.00
# Visual Studio Version 16
VisualStudioVersion = 16.0.29209.62
MinimumVisualStudioVersion = 10.0.40219.1
Project("{FAE04EC0-301F-11D3-BF4B-00C04F79EFBC}") = "WebAppFSIS", "WebAppFSIS\WebAppFSIS.csproj", "{38234DEE-B2B6-4659-8C03-F14E5419E8E8}"
EndProject
Global
	GlobalSection(SolutionConfigurationPlatforms) = preSolution
		Debug|Any CPU = Debug|Any CPU
		Release|Any CPU = Release|Any CPU
	EndGlobalSection
	GlobalSection(ProjectConfigurationPlatforms) = postSolution
		{38234DEE-B2B6-4659-8C03-F14E5419E8E8}.Debug|Any CPU.ActiveCfg = Debug|Any CPU
		{38234DEE-B2B6-4659-8C03-F14E5419E8E8}.Debug|Any CPU.Build.0 = Debug|Any CPU
		{38234DEE-B2B6-4659-8C03-F14E5419E8E8}.Release|Any CPU.ActiveCfg = Release|Any CPU
		{38234DEE-B2B6-4659-8C03-F14E5419E8E8}.Release|Any CPU.Build.0 = Release|Any CPU
	EndGlobalSection
	GlobalSection(SolutionProperties) = preSolution
		HideSolutionNode = FALSE
	EndGlobalSection
	GlobalSection(ExtensibilityGlobals) = postSolution
		SolutionGuid = {01E9F003-85A0-42F3-8FA6-479446B26C94}
	EndGlobalSection
EndGlobal
